// !$*UTF8*$!
{
	archiveVersion = 1;
	classes = {
	};
	objectVersion = 50;
	objects = {

/* Begin PBXBuildFile section */
		6944CE5E24B1DA2F00E9FBA4 /* DailyForecastView.swift in Sources */ = {isa = PBXBuildFile; fileRef = 6944CE5D24B1DA2F00E9FBA4 /* DailyForecastView.swift */; };
		6944CE6024B1DA3F00E9FBA4 /* DailyForecastStackView.swift in Sources */ = {isa = PBXBuildFile; fileRef = 6944CE5F24B1DA3F00E9FBA4 /* DailyForecastStackView.swift */; };
		6944CE6224B1DA5300E9FBA4 /* WeeklyForecastView.swift in Sources */ = {isa = PBXBuildFile; fileRef = 6944CE6124B1DA5300E9FBA4 /* WeeklyForecastView.swift */; };
		6944CE6424B1DA6600E9FBA4 /* WeeklyForecastView.xib in Resources */ = {isa = PBXBuildFile; fileRef = 6944CE6324B1DA6600E9FBA4 /* WeeklyForecastView.xib */; };
		6944CE6624B1DA7100E9FBA4 /* DailyForecastStackView.xib in Resources */ = {isa = PBXBuildFile; fileRef = 6944CE6524B1DA7100E9FBA4 /* DailyForecastStackView.xib */; };
		6944CE6824B1DA7D00E9FBA4 /* DailyForecastView.xib in Resources */ = {isa = PBXBuildFile; fileRef = 6944CE6724B1DA7D00E9FBA4 /* DailyForecastView.xib */; };
		696284C124B1CB3400C665F6 /* AppDelegate.swift in Sources */ = {isa = PBXBuildFile; fileRef = 696284C024B1CB3400C665F6 /* AppDelegate.swift */; };
		696284C324B1CB3400C665F6 /* SceneDelegate.swift in Sources */ = {isa = PBXBuildFile; fileRef = 696284C224B1CB3400C665F6 /* SceneDelegate.swift */; };
		696284C524B1CB3400C665F6 /* ForecastViewController.swift in Sources */ = {isa = PBXBuildFile; fileRef = 696284C424B1CB3400C665F6 /* ForecastViewController.swift */; };
		696284C824B1CB3400C665F6 /* Main.storyboard in Resources */ = {isa = PBXBuildFile; fileRef = 696284C624B1CB3400C665F6 /* Main.storyboard */; };
		696284CA24B1CB3500C665F6 /* Assets.xcassets in Resources */ = {isa = PBXBuildFile; fileRef = 696284C924B1CB3500C665F6 /* Assets.xcassets */; };
		696284CD24B1CB3500C665F6 /* LaunchScreen.storyboard in Resources */ = {isa = PBXBuildFile; fileRef = 696284CB24B1CB3500C665F6 /* LaunchScreen.storyboard */; };
		696284E924B1CD6900C665F6 /* APIClient.swift in Sources */ = {isa = PBXBuildFile; fileRef = 696284E824B1CD6900C665F6 /* APIClient.swift */; };
		696284EB24B1CD8200C665F6 /* Endpoint.swift in Sources */ = {isa = PBXBuildFile; fileRef = 696284EA24B1CD8200C665F6 /* Endpoint.swift */; };
		696284ED24B1CD9600C665F6 /* Forecast.swift in Sources */ = {isa = PBXBuildFile; fileRef = 696284EC24B1CD9600C665F6 /* Forecast.swift */; };
		696284EF24B1CDBE00C665F6 /* MinutelyForecast.swift in Sources */ = {isa = PBXBuildFile; fileRef = 696284EE24B1CDBE00C665F6 /* MinutelyForecast.swift */; };
		696284F124B1CDCD00C665F6 /* DailyForecast.swift in Sources */ = {isa = PBXBuildFile; fileRef = 696284F024B1CDCD00C665F6 /* DailyForecast.swift */; };
		696284F324B1CDDB00C665F6 /* HourlyForecast.swift in Sources */ = {isa = PBXBuildFile; fileRef = 696284F224B1CDDB00C665F6 /* HourlyForecast.swift */; };
		696284F524B1CDE700C665F6 /* Flags.swift in Sources */ = {isa = PBXBuildFile; fileRef = 696284F424B1CDE700C665F6 /* Flags.swift */; };
		696284F724B1CDF700C665F6 /* Datum.swift in Sources */ = {isa = PBXBuildFile; fileRef = 696284F624B1CDF700C665F6 /* Datum.swift */; };
		696284F924B1CE0700C665F6 /* WeatherAlert.swift in Sources */ = {isa = PBXBuildFile; fileRef = 696284F824B1CE0700C665F6 /* WeatherAlert.swift */; };
		696284FB24B1CE9300C665F6 /* APIClientTests.swift in Sources */ = {isa = PBXBuildFile; fileRef = 696284FA24B1CE9300C665F6 /* APIClientTests.swift */; };
		696284FD24B1CEA900C665F6 /* EndpointTests.swift in Sources */ = {isa = PBXBuildFile; fileRef = 696284FC24B1CEA900C665F6 /* EndpointTests.swift */; };
		696284FF24B1CFBF00C665F6 /* MockURLProtocol.swift in Sources */ = {isa = PBXBuildFile; fileRef = 696284FE24B1CFBF00C665F6 /* MockURLProtocol.swift */; };
		6962850124B1D11E00C665F6 /* TestForecast.json in Resources */ = {isa = PBXBuildFile; fileRef = 6962850024B1D11E00C665F6 /* TestForecast.json */; };
		6962850224B1D4A300C665F6 /* TestForecast.json in Resources */ = {isa = PBXBuildFile; fileRef = 6962850024B1D11E00C665F6 /* TestForecast.json */; };
		6962850424B1D6F800C665F6 /* Cache.swift in Sources */ = {isa = PBXBuildFile; fileRef = 6962850324B1D6F800C665F6 /* Cache.swift */; };
		6962850624B1D70D00C665F6 /* CacheTests.swift in Sources */ = {isa = PBXBuildFile; fileRef = 6962850524B1D70D00C665F6 /* CacheTests.swift */; };
		6962850824B1D7BA00C665F6 /* ForecastService.swift in Sources */ = {isa = PBXBuildFile; fileRef = 6962850724B1D7BA00C665F6 /* ForecastService.swift */; };
		6962850A24B1D7CC00C665F6 /* LocationService.swift in Sources */ = {isa = PBXBuildFile; fileRef = 6962850924B1D7CC00C665F6 /* LocationService.swift */; };
		6962850C24B1D7DC00C665F6 /* NavigationService.swift in Sources */ = {isa = PBXBuildFile; fileRef = 6962850B24B1D7DC00C665F6 /* NavigationService.swift */; };
		6982B25424B1DB75008E519E /* Date.swift in Sources */ = {isa = PBXBuildFile; fileRef = 6982B25324B1DB75008E519E /* Date.swift */; };
		6982B25624B1DB83008E519E /* String.swift in Sources */ = {isa = PBXBuildFile; fileRef = 6982B25524B1DB83008E519E /* String.swift */; };
		6982B25824B1DB91008E519E /* TimeInterval.swift in Sources */ = {isa = PBXBuildFile; fileRef = 6982B25724B1DB91008E519E /* TimeInterval.swift */; };
		6982B25A24B1DBA1008E519E /* Double.swift in Sources */ = {isa = PBXBuildFile; fileRef = 6982B25924B1DBA1008E519E /* Double.swift */; };
		6982B25C24B1DD96008E519E /* HourlyForecastCollectionView.swift in Sources */ = {isa = PBXBuildFile; fileRef = 6982B25B24B1DD96008E519E /* HourlyForecastCollectionView.swift */; };
		6982B25E24B1DDB6008E519E /* HourlyForecastCollectionViewCell.swift in Sources */ = {isa = PBXBuildFile; fileRef = 6982B25D24B1DDB6008E519E /* HourlyForecastCollectionViewCell.swift */; };
/* End PBXBuildFile section */

/* Begin PBXContainerItemProxy section */
		696284D424B1CB3500C665F6 /* PBXContainerItemProxy */ = {
			isa = PBXContainerItemProxy;
			containerPortal = 696284B524B1CB3400C665F6 /* Project object */;
			proxyType = 1;
			remoteGlobalIDString = 696284BC24B1CB3400C665F6;
			remoteInfo = WeatherForecast;
		};
/* End PBXContainerItemProxy section */

/* Begin PBXFileReference section */
		6944CE5D24B1DA2F00E9FBA4 /* DailyForecastView.swift */ = {isa = PBXFileReference; lastKnownFileType = sourcecode.swift; path = DailyForecastView.swift; sourceTree = "<group>"; };
		6944CE5F24B1DA3F00E9FBA4 /* DailyForecastStackView.swift */ = {isa = PBXFileReference; lastKnownFileType = sourcecode.swift; path = DailyForecastStackView.swift; sourceTree = "<group>"; };
		6944CE6124B1DA5300E9FBA4 /* WeeklyForecastView.swift */ = {isa = PBXFileReference; lastKnownFileType = sourcecode.swift; path = WeeklyForecastView.swift; sourceTree = "<group>"; };
		6944CE6324B1DA6600E9FBA4 /* WeeklyForecastView.xib */ = {isa = PBXFileReference; lastKnownFileType = file.xib; path = WeeklyForecastView.xib; sourceTree = "<group>"; };
		6944CE6524B1DA7100E9FBA4 /* DailyForecastStackView.xib */ = {isa = PBXFileReference; lastKnownFileType = file.xib; path = DailyForecastStackView.xib; sourceTree = "<group>"; };
		6944CE6724B1DA7D00E9FBA4 /* DailyForecastView.xib */ = {isa = PBXFileReference; lastKnownFileType = file.xib; path = DailyForecastView.xib; sourceTree = "<group>"; };
		696284BD24B1CB3400C665F6 /* WeatherForecast.app */ = {isa = PBXFileReference; explicitFileType = wrapper.application; includeInIndex = 0; path = WeatherForecast.app; sourceTree = BUILT_PRODUCTS_DIR; };
		696284C024B1CB3400C665F6 /* AppDelegate.swift */ = {isa = PBXFileReference; lastKnownFileType = sourcecode.swift; path = AppDelegate.swift; sourceTree = "<group>"; };
		696284C224B1CB3400C665F6 /* SceneDelegate.swift */ = {isa = PBXFileReference; lastKnownFileType = sourcecode.swift; path = SceneDelegate.swift; sourceTree = "<group>"; };
		696284C424B1CB3400C665F6 /* ForecastViewController.swift */ = {isa = PBXFileReference; lastKnownFileType = sourcecode.swift; path = ForecastViewController.swift; sourceTree = "<group>"; };
		696284C724B1CB3400C665F6 /* Base */ = {isa = PBXFileReference; lastKnownFileType = file.storyboard; name = Base; path = Base.lproj/Main.storyboard; sourceTree = "<group>"; };
		696284C924B1CB3500C665F6 /* Assets.xcassets */ = {isa = PBXFileReference; lastKnownFileType = folder.assetcatalog; path = Assets.xcassets; sourceTree = "<group>"; };
		696284CC24B1CB3500C665F6 /* Base */ = {isa = PBXFileReference; lastKnownFileType = file.storyboard; name = Base; path = Base.lproj/LaunchScreen.storyboard; sourceTree = "<group>"; };
		696284CE24B1CB3500C665F6 /* Info.plist */ = {isa = PBXFileReference; lastKnownFileType = text.plist.xml; path = Info.plist; sourceTree = "<group>"; };
		696284D324B1CB3500C665F6 /* WeatherForecastTests.xctest */ = {isa = PBXFileReference; explicitFileType = wrapper.cfbundle; includeInIndex = 0; path = WeatherForecastTests.xctest; sourceTree = BUILT_PRODUCTS_DIR; };
		696284D924B1CB3500C665F6 /* Info.plist */ = {isa = PBXFileReference; lastKnownFileType = text.plist.xml; path = Info.plist; sourceTree = "<group>"; };
		696284E824B1CD6900C665F6 /* APIClient.swift */ = {isa = PBXFileReference; lastKnownFileType = sourcecode.swift; path = APIClient.swift; sourceTree = "<group>"; };
		696284EA24B1CD8200C665F6 /* Endpoint.swift */ = {isa = PBXFileReference; lastKnownFileType = sourcecode.swift; path = Endpoint.swift; sourceTree = "<group>"; };
		696284EC24B1CD9600C665F6 /* Forecast.swift */ = {isa = PBXFileReference; lastKnownFileType = sourcecode.swift; path = Forecast.swift; sourceTree = "<group>"; };
		696284EE24B1CDBE00C665F6 /* MinutelyForecast.swift */ = {isa = PBXFileReference; lastKnownFileType = sourcecode.swift; path = MinutelyForecast.swift; sourceTree = "<group>"; };
		696284F024B1CDCD00C665F6 /* DailyForecast.swift */ = {isa = PBXFileReference; lastKnownFileType = sourcecode.swift; path = DailyForecast.swift; sourceTree = "<group>"; };
		696284F224B1CDDB00C665F6 /* HourlyForecast.swift */ = {isa = PBXFileReference; lastKnownFileType = sourcecode.swift; path = HourlyForecast.swift; sourceTree = "<group>"; };
		696284F424B1CDE700C665F6 /* Flags.swift */ = {isa = PBXFileReference; lastKnownFileType = sourcecode.swift; path = Flags.swift; sourceTree = "<group>"; };
		696284F624B1CDF700C665F6 /* Datum.swift */ = {isa = PBXFileReference; lastKnownFileType = sourcecode.swift; path = Datum.swift; sourceTree = "<group>"; };
		696284F824B1CE0700C665F6 /* WeatherAlert.swift */ = {isa = PBXFileReference; lastKnownFileType = sourcecode.swift; path = WeatherAlert.swift; sourceTree = "<group>"; };
		696284FA24B1CE9300C665F6 /* APIClientTests.swift */ = {isa = PBXFileReference; lastKnownFileType = sourcecode.swift; path = APIClientTests.swift; sourceTree = "<group>"; };
		696284FC24B1CEA900C665F6 /* EndpointTests.swift */ = {isa = PBXFileReference; lastKnownFileType = sourcecode.swift; path = EndpointTests.swift; sourceTree = "<group>"; };
		696284FE24B1CFBF00C665F6 /* MockURLProtocol.swift */ = {isa = PBXFileReference; lastKnownFileType = sourcecode.swift; path = MockURLProtocol.swift; sourceTree = "<group>"; };
		6962850024B1D11E00C665F6 /* TestForecast.json */ = {isa = PBXFileReference; fileEncoding = 4; lastKnownFileType = text.json; path = TestForecast.json; sourceTree = "<group>"; };
		6962850324B1D6F800C665F6 /* Cache.swift */ = {isa = PBXFileReference; lastKnownFileType = sourcecode.swift; path = Cache.swift; sourceTree = "<group>"; };
		6962850524B1D70D00C665F6 /* CacheTests.swift */ = {isa = PBXFileReference; lastKnownFileType = sourcecode.swift; path = CacheTests.swift; sourceTree = "<group>"; };
		6962850724B1D7BA00C665F6 /* ForecastService.swift */ = {isa = PBXFileReference; lastKnownFileType = sourcecode.swift; path = ForecastService.swift; sourceTree = "<group>"; };
		6962850924B1D7CC00C665F6 /* LocationService.swift */ = {isa = PBXFileReference; lastKnownFileType = sourcecode.swift; path = LocationService.swift; sourceTree = "<group>"; };
		6962850B24B1D7DC00C665F6 /* NavigationService.swift */ = {isa = PBXFileReference; lastKnownFileType = sourcecode.swift; path = NavigationService.swift; sourceTree = "<group>"; };
		6982B25324B1DB75008E519E /* Date.swift */ = {isa = PBXFileReference; lastKnownFileType = sourcecode.swift; path = Date.swift; sourceTree = "<group>"; };
		6982B25524B1DB83008E519E /* String.swift */ = {isa = PBXFileReference; lastKnownFileType = sourcecode.swift; path = String.swift; sourceTree = "<group>"; };
		6982B25724B1DB91008E519E /* TimeInterval.swift */ = {isa = PBXFileReference; lastKnownFileType = sourcecode.swift; path = TimeInterval.swift; sourceTree = "<group>"; };
		6982B25924B1DBA1008E519E /* Double.swift */ = {isa = PBXFileReference; lastKnownFileType = sourcecode.swift; path = Double.swift; sourceTree = "<group>"; };
		6982B25B24B1DD96008E519E /* HourlyForecastCollectionView.swift */ = {isa = PBXFileReference; lastKnownFileType = sourcecode.swift; path = HourlyForecastCollectionView.swift; sourceTree = "<group>"; };
		6982B25D24B1DDB6008E519E /* HourlyForecastCollectionViewCell.swift */ = {isa = PBXFileReference; lastKnownFileType = sourcecode.swift; path = HourlyForecastCollectionViewCell.swift; sourceTree = "<group>"; };
/* End PBXFileReference section */

/* Begin PBXFrameworksBuildPhase section */
		696284BA24B1CB3400C665F6 /* Frameworks */ = {
			isa = PBXFrameworksBuildPhase;
			buildActionMask = 2147483647;
			files = (
			);
			runOnlyForDeploymentPostprocessing = 0;
		};
		696284D024B1CB3500C665F6 /* Frameworks */ = {
			isa = PBXFrameworksBuildPhase;
			buildActionMask = 2147483647;
			files = (
			);
			runOnlyForDeploymentPostprocessing = 0;
		};
/* End PBXFrameworksBuildPhase section */

/* Begin PBXGroup section */
		696284B424B1CB3400C665F6 = {
			isa = PBXGroup;
			children = (
				696284BF24B1CB3400C665F6 /* WeatherForecast */,
				696284D624B1CB3500C665F6 /* WeatherForecastTests */,
				696284BE24B1CB3400C665F6 /* Products */,
			);
			sourceTree = "<group>";
		};
		696284BE24B1CB3400C665F6 /* Products */ = {
			isa = PBXGroup;
			children = (
				696284BD24B1CB3400C665F6 /* WeatherForecast.app */,
				696284D324B1CB3500C665F6 /* WeatherForecastTests.xctest */,
			);
			name = Products;
			sourceTree = "<group>";
		};
		696284BF24B1CB3400C665F6 /* WeatherForecast */ = {
			isa = PBXGroup;
			children = (
				696284E224B1CCE600C665F6 /* ApplicationUI */,
				696284E724B1CD2C00C665F6 /* Cache */,
				696284E524B1CD0800C665F6 /* Extensions */,
				696284E324B1CCF400C665F6 /* Models */,
				696284E624B1CD1D00C665F6 /* Network */,
				696284E424B1CCFA00C665F6 /* Services */,
				696284C024B1CB3400C665F6 /* AppDelegate.swift */,
				696284C224B1CB3400C665F6 /* SceneDelegate.swift */,
				696284C924B1CB3500C665F6 /* Assets.xcassets */,
				696284CB24B1CB3500C665F6 /* LaunchScreen.storyboard */,
				696284CE24B1CB3500C665F6 /* Info.plist */,
			);
			path = WeatherForecast;
			sourceTree = "<group>";
		};
		696284D624B1CB3500C665F6 /* WeatherForecastTests */ = {
			isa = PBXGroup;
			children = (
				6962850024B1D11E00C665F6 /* TestForecast.json */,
				696284D924B1CB3500C665F6 /* Info.plist */,
				696284FA24B1CE9300C665F6 /* APIClientTests.swift */,
				696284FC24B1CEA900C665F6 /* EndpointTests.swift */,
				696284FE24B1CFBF00C665F6 /* MockURLProtocol.swift */,
				6962850524B1D70D00C665F6 /* CacheTests.swift */,
			);
			path = WeatherForecastTests;
			sourceTree = "<group>";
		};
		696284E224B1CCE600C665F6 /* ApplicationUI */ = {
			isa = PBXGroup;
			children = (
				696284C624B1CB3400C665F6 /* Main.storyboard */,
				696284C424B1CB3400C665F6 /* ForecastViewController.swift */,
				6944CE5F24B1DA3F00E9FBA4 /* DailyForecastStackView.swift */,
				6944CE6524B1DA7100E9FBA4 /* DailyForecastStackView.xib */,
				6944CE5D24B1DA2F00E9FBA4 /* DailyForecastView.swift */,
				6944CE6724B1DA7D00E9FBA4 /* DailyForecastView.xib */,
				6982B25B24B1DD96008E519E /* HourlyForecastCollectionView.swift */,
				6982B25D24B1DDB6008E519E /* HourlyForecastCollectionViewCell.swift */,
				6944CE6124B1DA5300E9FBA4 /* WeeklyForecastView.swift */,
				6944CE6324B1DA6600E9FBA4 /* WeeklyForecastView.xib */,
			);
			path = ApplicationUI;
			sourceTree = "<group>";
		};
		696284E324B1CCF400C665F6 /* Models */ = {
			isa = PBXGroup;
			children = (
				696284F024B1CDCD00C665F6 /* DailyForecast.swift */,
				696284F624B1CDF700C665F6 /* Datum.swift */,
				696284F424B1CDE700C665F6 /* Flags.swift */,
				696284EC24B1CD9600C665F6 /* Forecast.swift */,
				696284F224B1CDDB00C665F6 /* HourlyForecast.swift */,
				696284EE24B1CDBE00C665F6 /* MinutelyForecast.swift */,
				696284F824B1CE0700C665F6 /* WeatherAlert.swift */,
			);
			path = Models;
			sourceTree = "<group>";
		};
		696284E424B1CCFA00C665F6 /* Services */ = {
			isa = PBXGroup;
			children = (
				6962850724B1D7BA00C665F6 /* ForecastService.swift */,
				6962850924B1D7CC00C665F6 /* LocationService.swift */,
				6962850B24B1D7DC00C665F6 /* NavigationService.swift */,
			);
			path = Services;
			sourceTree = "<group>";
		};
		696284E524B1CD0800C665F6 /* Extensions */ = {
			isa = PBXGroup;
			children = (
				6982B25324B1DB75008E519E /* Date.swift */,
				6982B25924B1DBA1008E519E /* Double.swift */,
				6982B25524B1DB83008E519E /* String.swift */,
				6982B25724B1DB91008E519E /* TimeInterval.swift */,
			);
			path = Extensions;
			sourceTree = "<group>";
		};
		696284E624B1CD1D00C665F6 /* Network */ = {
			isa = PBXGroup;
			children = (
				696284E824B1CD6900C665F6 /* APIClient.swift */,
				696284EA24B1CD8200C665F6 /* Endpoint.swift */,
			);
			path = Network;
			sourceTree = "<group>";
		};
		696284E724B1CD2C00C665F6 /* Cache */ = {
			isa = PBXGroup;
			children = (
				6962850324B1D6F800C665F6 /* Cache.swift */,
			);
			path = Cache;
			sourceTree = "<group>";
		};
/* End PBXGroup section */

/* Begin PBXNativeTarget section */
		696284BC24B1CB3400C665F6 /* WeatherForecast */ = {
			isa = PBXNativeTarget;
			buildConfigurationList = 696284DC24B1CB3500C665F6 /* Build configuration list for PBXNativeTarget "WeatherForecast" */;
			buildPhases = (
				696284B924B1CB3400C665F6 /* Sources */,
				696284BA24B1CB3400C665F6 /* Frameworks */,
				696284BB24B1CB3400C665F6 /* Resources */,
			);
			buildRules = (
			);
			dependencies = (
			);
			name = WeatherForecast;
			productName = WeatherForecast;
			productReference = 696284BD24B1CB3400C665F6 /* WeatherForecast.app */;
			productType = "com.apple.product-type.application";
		};
		696284D224B1CB3500C665F6 /* WeatherForecastTests */ = {
			isa = PBXNativeTarget;
			buildConfigurationList = 696284DF24B1CB3500C665F6 /* Build configuration list for PBXNativeTarget "WeatherForecastTests" */;
			buildPhases = (
				696284CF24B1CB3500C665F6 /* Sources */,
				696284D024B1CB3500C665F6 /* Frameworks */,
				696284D124B1CB3500C665F6 /* Resources */,
			);
			buildRules = (
			);
			dependencies = (
				696284D524B1CB3500C665F6 /* PBXTargetDependency */,
			);
			name = WeatherForecastTests;
			productName = WeatherForecastTests;
			productReference = 696284D324B1CB3500C665F6 /* WeatherForecastTests.xctest */;
			productType = "com.apple.product-type.bundle.unit-test";
		};
/* End PBXNativeTarget section */

/* Begin PBXProject section */
		696284B524B1CB3400C665F6 /* Project object */ = {
			isa = PBXProject;
			attributes = {
				LastSwiftUpdateCheck = 1150;
				LastUpgradeCheck = 1150;
				ORGANIZATIONNAME = Personal;
				TargetAttributes = {
					696284BC24B1CB3400C665F6 = {
						CreatedOnToolsVersion = 11.5;
					};
					696284D224B1CB3500C665F6 = {
						CreatedOnToolsVersion = 11.5;
						TestTargetID = 696284BC24B1CB3400C665F6;
					};
				};
			};
			buildConfigurationList = 696284B824B1CB3400C665F6 /* Build configuration list for PBXProject "WeatherForecast" */;
			compatibilityVersion = "Xcode 9.3";
			developmentRegion = en;
			hasScannedForEncodings = 0;
			knownRegions = (
				en,
				Base,
			);
			mainGroup = 696284B424B1CB3400C665F6;
			productRefGroup = 696284BE24B1CB3400C665F6 /* Products */;
			projectDirPath = "";
			projectRoot = "";
			targets = (
				696284BC24B1CB3400C665F6 /* WeatherForecast */,
				696284D224B1CB3500C665F6 /* WeatherForecastTests */,
			);
		};
/* End PBXProject section */

/* Begin PBXResourcesBuildPhase section */
		696284BB24B1CB3400C665F6 /* Resources */ = {
			isa = PBXResourcesBuildPhase;
			buildActionMask = 2147483647;
			files = (
				6962850224B1D4A300C665F6 /* TestForecast.json in Resources */,
				696284CD24B1CB3500C665F6 /* LaunchScreen.storyboard in Resources */,
				6944CE6624B1DA7100E9FBA4 /* DailyForecastStackView.xib in Resources */,
				696284CA24B1CB3500C665F6 /* Assets.xcassets in Resources */,
				696284C824B1CB3400C665F6 /* Main.storyboard in Resources */,
				6944CE6424B1DA6600E9FBA4 /* WeeklyForecastView.xib in Resources */,
				6944CE6824B1DA7D00E9FBA4 /* DailyForecastView.xib in Resources */,
			);
			runOnlyForDeploymentPostprocessing = 0;
		};
		696284D124B1CB3500C665F6 /* Resources */ = {
			isa = PBXResourcesBuildPhase;
			buildActionMask = 2147483647;
			files = (
				6962850124B1D11E00C665F6 /* TestForecast.json in Resources */,
			);
			runOnlyForDeploymentPostprocessing = 0;
		};
/* End PBXResourcesBuildPhase section */

/* Begin PBXSourcesBuildPhase section */
		696284B924B1CB3400C665F6 /* Sources */ = {
			isa = PBXSourcesBuildPhase;
			buildActionMask = 2147483647;
			files = (
				696284F124B1CDCD00C665F6 /* DailyForecast.swift in Sources */,
				696284C524B1CB3400C665F6 /* ForecastViewController.swift in Sources */,
				696284C124B1CB3400C665F6 /* AppDelegate.swift in Sources */,
				6962850C24B1D7DC00C665F6 /* NavigationService.swift in Sources */,
				696284C324B1CB3400C665F6 /* SceneDelegate.swift in Sources */,
				696284E924B1CD6900C665F6 /* APIClient.swift in Sources */,
				696284ED24B1CD9600C665F6 /* Forecast.swift in Sources */,
				6944CE6224B1DA5300E9FBA4 /* WeeklyForecastView.swift in Sources */,
				6962850424B1D6F800C665F6 /* Cache.swift in Sources */,
				6944CE6024B1DA3F00E9FBA4 /* DailyForecastStackView.swift in Sources */,
				6962850A24B1D7CC00C665F6 /* LocationService.swift in Sources */,
				6982B25A24B1DBA1008E519E /* Double.swift in Sources */,
				6982B25424B1DB75008E519E /* Date.swift in Sources */,
				696284F324B1CDDB00C665F6 /* HourlyForecast.swift in Sources */,
				6982B25C24B1DD96008E519E /* HourlyForecastCollectionView.swift in Sources */,
				696284F524B1CDE700C665F6 /* Flags.swift in Sources */,
				696284EB24B1CD8200C665F6 /* Endpoint.swift in Sources */,
				6944CE5E24B1DA2F00E9FBA4 /* DailyForecastView.swift in Sources */,
				6982B25E24B1DDB6008E519E /* HourlyForecastCollectionViewCell.swift in Sources */,
				696284F924B1CE0700C665F6 /* WeatherAlert.swift in Sources */,
				696284EF24B1CDBE00C665F6 /* MinutelyForecast.swift in Sources */,
				6982B25624B1DB83008E519E /* String.swift in Sources */,
				6962850824B1D7BA00C665F6 /* ForecastService.swift in Sources */,
				696284F724B1CDF700C665F6 /* Datum.swift in Sources */,
				6982B25824B1DB91008E519E /* TimeInterval.swift in Sources */,
			);
			runOnlyForDeploymentPostprocessing = 0;
		};
		696284CF24B1CB3500C665F6 /* Sources */ = {
			isa = PBXSourcesBuildPhase;
			buildActionMask = 2147483647;
			files = (
				696284FD24B1CEA900C665F6 /* EndpointTests.swift in Sources */,
				696284FB24B1CE9300C665F6 /* APIClientTests.swift in Sources */,
				696284FF24B1CFBF00C665F6 /* MockURLProtocol.swift in Sources */,
				6962850624B1D70D00C665F6 /* CacheTests.swift in Sources */,
			);
			runOnlyForDeploymentPostprocessing = 0;
		};
/* End PBXSourcesBuildPhase section */

/* Begin PBXTargetDependency section */
		696284D524B1CB3500C665F6 /* PBXTargetDependency */ = {
			isa = PBXTargetDependency;
			target = 696284BC24B1CB3400C665F6 /* WeatherForecast */;
			targetProxy = 696284D424B1CB3500C665F6 /* PBXContainerItemProxy */;
		};
/* End PBXTargetDependency section */

/* Begin PBXVariantGroup section */
		696284C624B1CB3400C665F6 /* Main.storyboard */ = {
			isa = PBXVariantGroup;
			children = (
				696284C724B1CB3400C665F6 /* Base */,
			);
			name = Main.storyboard;
			sourceTree = "<group>";
		};
		696284CB24B1CB3500C665F6 /* LaunchScreen.storyboard */ = {
			isa = PBXVariantGroup;
			children = (
				696284CC24B1CB3500C665F6 /* Base */,
			);
			name = LaunchScreen.storyboard;
			sourceTree = "<group>";
		};
/* End PBXVariantGroup section */

/* Begin XCBuildConfiguration section */
		696284DA24B1CB3500C665F6 /* Debug */ = {
			isa = XCBuildConfiguration;
			buildSettings = {
				ALWAYS_SEARCH_USER_PATHS = NO;
				CLANG_ANALYZER_NONNULL = YES;
				CLANG_ANALYZER_NUMBER_OBJECT_CONVERSION = YES_AGGRESSIVE;
				CLANG_CXX_LANGUAGE_STANDARD = "gnu++14";
				CLANG_CXX_LIBRARY = "libc++";
				CLANG_ENABLE_MODULES = YES;
				CLANG_ENABLE_OBJC_ARC = YES;
				CLANG_ENABLE_OBJC_WEAK = YES;
				CLANG_WARN_BLOCK_CAPTURE_AUTORELEASING = YES;
				CLANG_WARN_BOOL_CONVERSION = YES;
				CLANG_WARN_COMMA = YES;
				CLANG_WARN_CONSTANT_CONVERSION = YES;
				CLANG_WARN_DEPRECATED_OBJC_IMPLEMENTATIONS = YES;
				CLANG_WARN_DIRECT_OBJC_ISA_USAGE = YES_ERROR;
				CLANG_WARN_DOCUMENTATION_COMMENTS = YES;
				CLANG_WARN_EMPTY_BODY = YES;
				CLANG_WARN_ENUM_CONVERSION = YES;
				CLANG_WARN_INFINITE_RECURSION = YES;
				CLANG_WARN_INT_CONVERSION = YES;
				CLANG_WARN_NON_LITERAL_NULL_CONVERSION = YES;
				CLANG_WARN_OBJC_IMPLICIT_RETAIN_SELF = YES;
				CLANG_WARN_OBJC_LITERAL_CONVERSION = YES;
				CLANG_WARN_OBJC_ROOT_CLASS = YES_ERROR;
				CLANG_WARN_RANGE_LOOP_ANALYSIS = YES;
				CLANG_WARN_STRICT_PROTOTYPES = YES;
				CLANG_WARN_SUSPICIOUS_MOVE = YES;
				CLANG_WARN_UNGUARDED_AVAILABILITY = YES_AGGRESSIVE;
				CLANG_WARN_UNREACHABLE_CODE = YES;
				CLANG_WARN__DUPLICATE_METHOD_MATCH = YES;
				COPY_PHASE_STRIP = NO;
				DEBUG_INFORMATION_FORMAT = dwarf;
				ENABLE_STRICT_OBJC_MSGSEND = YES;
				ENABLE_TESTABILITY = YES;
				GCC_C_LANGUAGE_STANDARD = gnu11;
				GCC_DYNAMIC_NO_PIC = NO;
				GCC_NO_COMMON_BLOCKS = YES;
				GCC_OPTIMIZATION_LEVEL = 0;
				GCC_PREPROCESSOR_DEFINITIONS = (
					"DEBUG=1",
					"$(inherited)",
				);
				GCC_WARN_64_TO_32_BIT_CONVERSION = YES;
				GCC_WARN_ABOUT_RETURN_TYPE = YES_ERROR;
				GCC_WARN_UNDECLARED_SELECTOR = YES;
				GCC_WARN_UNINITIALIZED_AUTOS = YES_AGGRESSIVE;
				GCC_WARN_UNUSED_FUNCTION = YES;
				GCC_WARN_UNUSED_VARIABLE = YES;
				IPHONEOS_DEPLOYMENT_TARGET = 13.5;
				MTL_ENABLE_DEBUG_INFO = INCLUDE_SOURCE;
				MTL_FAST_MATH = YES;
				ONLY_ACTIVE_ARCH = YES;
				SDKROOT = iphoneos;
				SWIFT_ACTIVE_COMPILATION_CONDITIONS = DEBUG;
				SWIFT_OPTIMIZATION_LEVEL = "-Onone";
			};
			name = Debug;
		};
		696284DB24B1CB3500C665F6 /* Release */ = {
			isa = XCBuildConfiguration;
			buildSettings = {
				ALWAYS_SEARCH_USER_PATHS = NO;
				CLANG_ANALYZER_NONNULL = YES;
				CLANG_ANALYZER_NUMBER_OBJECT_CONVERSION = YES_AGGRESSIVE;
				CLANG_CXX_LANGUAGE_STANDARD = "gnu++14";
				CLANG_CXX_LIBRARY = "libc++";
				CLANG_ENABLE_MODULES = YES;
				CLANG_ENABLE_OBJC_ARC = YES;
				CLANG_ENABLE_OBJC_WEAK = YES;
				CLANG_WARN_BLOCK_CAPTURE_AUTORELEASING = YES;
				CLANG_WARN_BOOL_CONVERSION = YES;
				CLANG_WARN_COMMA = YES;
				CLANG_WARN_CONSTANT_CONVERSION = YES;
				CLANG_WARN_DEPRECATED_OBJC_IMPLEMENTATIONS = YES;
				CLANG_WARN_DIRECT_OBJC_ISA_USAGE = YES_ERROR;
				CLANG_WARN_DOCUMENTATION_COMMENTS = YES;
				CLANG_WARN_EMPTY_BODY = YES;
				CLANG_WARN_ENUM_CONVERSION = YES;
				CLANG_WARN_INFINITE_RECURSION = YES;
				CLANG_WARN_INT_CONVERSION = YES;
				CLANG_WARN_NON_LITERAL_NULL_CONVERSION = YES;
				CLANG_WARN_OBJC_IMPLICIT_RETAIN_SELF = YES;
				CLANG_WARN_OBJC_LITERAL_CONVERSION = YES;
				CLANG_WARN_OBJC_ROOT_CLASS = YES_ERROR;
				CLANG_WARN_RANGE_LOOP_ANALYSIS = YES;
				CLANG_WARN_STRICT_PROTOTYPES = YES;
				CLANG_WARN_SUSPICIOUS_MOVE = YES;
				CLANG_WARN_UNGUARDED_AVAILABILITY = YES_AGGRESSIVE;
				CLANG_WARN_UNREACHABLE_CODE = YES;
				CLANG_WARN__DUPLICATE_METHOD_MATCH = YES;
				COPY_PHASE_STRIP = NO;
				DEBUG_INFORMATION_FORMAT = "dwarf-with-dsym";
				ENABLE_NS_ASSERTIONS = NO;
				ENABLE_STRICT_OBJC_MSGSEND = YES;
				GCC_C_LANGUAGE_STANDARD = gnu11;
				GCC_NO_COMMON_BLOCKS = YES;
				GCC_WARN_64_TO_32_BIT_CONVERSION = YES;
				GCC_WARN_ABOUT_RETURN_TYPE = YES_ERROR;
				GCC_WARN_UNDECLARED_SELECTOR = YES;
				GCC_WARN_UNINITIALIZED_AUTOS = YES_AGGRESSIVE;
				GCC_WARN_UNUSED_FUNCTION = YES;
				GCC_WARN_UNUSED_VARIABLE = YES;
				IPHONEOS_DEPLOYMENT_TARGET = 13.5;
				MTL_ENABLE_DEBUG_INFO = NO;
				MTL_FAST_MATH = YES;
				SDKROOT = iphoneos;
				SWIFT_COMPILATION_MODE = wholemodule;
				SWIFT_OPTIMIZATION_LEVEL = "-O";
				VALIDATE_PRODUCT = YES;
			};
			name = Release;
		};
		696284DD24B1CB3500C665F6 /* Debug */ = {
			isa = XCBuildConfiguration;
			buildSettings = {
				ASSETCATALOG_COMPILER_APPICON_NAME = AppIcon;
				CODE_SIGN_STYLE = Manual;
				DEVELOPMENT_TEAM = "";
				INFOPLIST_FILE = WeatherForecast/Info.plist;
				IPHONEOS_DEPLOYMENT_TARGET = 13.0;
				LD_RUNPATH_SEARCH_PATHS = (
					"$(inherited)",
					"@executable_path/Frameworks",
				);
				PRODUCT_BUNDLE_IDENTIFIER = com.RavikumarCHINTAKAYALA.WeatherForecast;
				PRODUCT_NAME = "$(TARGET_NAME)";
				PROVISIONING_PROFILE_SPECIFIER = "";
				SWIFT_VERSION = 5.0;
				TARGETED_DEVICE_FAMILY = 1;
			};
			name = Debug;
		};
		696284DE24B1CB3500C665F6 /* Release */ = {
			isa = XCBuildConfiguration;
			buildSettings = {
				ASSETCATALOG_COMPILER_APPICON_NAME = AppIcon;
				CODE_SIGN_STYLE = Manual;
				DEVELOPMENT_TEAM = "";
				INFOPLIST_FILE = WeatherForecast/Info.plist;
				IPHONEOS_DEPLOYMENT_TARGET = 13.0;
				LD_RUNPATH_SEARCH_PATHS = (
					"$(inherited)",
					"@executable_path/Frameworks",
				);
				PRODUCT_BUNDLE_IDENTIFIER = com.RavikumarCHINTAKAYALA.WeatherForecast;
				PRODUCT_NAME = "$(TARGET_NAME)";
				PROVISIONING_PROFILE_SPECIFIER = "";
				SWIFT_VERSION = 5.0;
				TARGETED_DEVICE_FAMILY = 1;
			};
			name = Release;
		};
		696284E024B1CB3500C665F6 /* Debug */ = {
			isa = XCBuildConfiguration;
			buildSettings = {
				ALWAYS_EMBED_SWIFT_STANDARD_LIBRARIES = YES;
				BUNDLE_LOADER = "$(TEST_HOST)";
				CODE_SIGN_STYLE = Automatic;
				INFOPLIST_FILE = WeatherForecastTests/Info.plist;
				IPHONEOS_DEPLOYMENT_TARGET = 13.5;
				LD_RUNPATH_SEARCH_PATHS = (
					"$(inherited)",
					"@executable_path/Frameworks",
					"@loader_path/Frameworks",
				);
				PRODUCT_BUNDLE_IDENTIFIER = com.RavikumarCHINTAKAYALA.WeatherForecastTests;
				PRODUCT_NAME = "$(TARGET_NAME)";
				SWIFT_VERSION = 5.0;
				TARGETED_DEVICE_FAMILY = "1,2";
				TEST_HOST = "$(BUILT_PRODUCTS_DIR)/WeatherForecast.app/WeatherForecast";
			};
			name = Debug;
		};
		696284E124B1CB3500C665F6 /* Release */ = {
			isa = XCBuildConfiguration;
			buildSettings = {
				ALWAYS_EMBED_SWIFT_STANDARD_LIBRARIES = YES;
				BUNDLE_LOADER = "$(TEST_HOST)";
				CODE_SIGN_STYLE = Automatic;
				INFOPLIST_FILE = WeatherForecastTests/Info.plist;
				IPHONEOS_DEPLOYMENT_TARGET = 13.5;
				LD_RUNPATH_SEARCH_PATHS = (
					"$(inherited)",
					"@executable_path/Frameworks",
					"@loader_path/Frameworks",
				);
				PRODUCT_BUNDLE_IDENTIFIER = com.RavikumarCHINTAKAYALA.WeatherForecastTests;
				PRODUCT_NAME = "$(TARGET_NAME)";
				SWIFT_VERSION = 5.0;
				TARGETED_DEVICE_FAMILY = "1,2";
				TEST_HOST = "$(BUILT_PRODUCTS_DIR)/WeatherForecast.app/WeatherForecast";
			};
			name = Release;
		};
/* End XCBuildConfiguration section */

/* Begin XCConfigurationList section */
		696284B824B1CB3400C665F6 /* Build configuration list for PBXProject "WeatherForecast" */ = {
			isa = XCConfigurationList;
			buildConfigurations = (
				696284DA24B1CB3500C665F6 /* Debug */,
				696284DB24B1CB3500C665F6 /* Release */,
			);
			defaultConfigurationIsVisible = 0;
			defaultConfigurationName = Release;
		};
		696284DC24B1CB3500C665F6 /* Build configuration list for PBXNativeTarget "WeatherForecast" */ = {
			isa = XCConfigurationList;
			buildConfigurations = (
				696284DD24B1CB3500C665F6 /* Debug */,
				696284DE24B1CB3500C665F6 /* Release */,
			);
			defaultConfigurationIsVisible = 0;
			defaultConfigurationName = Release;
		};
		696284DF24B1CB3500C665F6 /* Build configuration list for PBXNativeTarget "WeatherForecastTests" */ = {
			isa = XCConfigurationList;
			buildConfigurations = (
				696284E024B1CB3500C665F6 /* Debug */,
				696284E124B1CB3500C665F6 /* Release */,
			);
			defaultConfigurationIsVisible = 0;
			defaultConfigurationName = Release;
		};
/* End XCConfigurationList section */
	};
	rootObject = 696284B524B1CB3400C665F6 /* Project object */;
}
